
Microsoft Visual Studio Solution File, Format Version 12.00
# Visual Studio Version 16
VisualStudioVersion = 16.0.33027.164
MinimumVisualStudioVersion = 10.0.40219.1
Project("{FAE04EC0-301F-11D3-BF4B-00C04F79EFBC}") = "ESP32Spy-SNES", "ESP32Spy-SNES\ESP32Spy-SNES.csproj", "{9AD8933F-2276-40A6-B803-0B6DBD717F6A}"
EndProject
Global
	GlobalSection(SolutionConfigurationPlatforms) = preSolution
		Debug|Any CPU = Debug|Any CPU
		Debug|x64 = Debug|x64
		Release|Any CPU = Release|Any CPU
		Release|x64 = Release|x64
	EndGlobalSection
	GlobalSection(ProjectConfigurationPlatforms) = postSolution
		{9AD8933F-2276-40A6-B803-0B6DBD717F6A}.Debug|Any CPU.ActiveCfg = Debug|Any CPU
		{9AD8933F-2276-40A6-B803-0B6DBD717F6A}.Debug|Any CPU.Build.0 = Debug|Any CPU
		{9AD8933F-2276-40A6-B803-0B6DBD717F6A}.Debug|x64.ActiveCfg = Debug|x64
		{9AD8933F-2276-40A6-B803-0B6DBD717F6A}.Debug|x64.Build.0 = Debug|x64
		{9AD8933F-2276-40A6-B803-0B6DBD717F6A}.Release|Any CPU.ActiveCfg = Release|Any CPU
		{9AD8933F-2276-40A6-B803-0B6DBD717F6A}.Release|Any CPU.Build.0 = Release|Any CPU
		{9AD8933F-2276-40A6-B803-0B6DBD717F6A}.Release|x64.ActiveCfg = Release|x64
		{9AD8933F-2276-40A6-B803-0B6DBD717F6A}.Release|x64.Build.0 = Release|x64
	EndGlobalSection
	GlobalSection(SolutionProperties) = preSolution
		HideSolutionNode = FALSE
	EndGlobalSection
	GlobalSection(ExtensibilityGlobals) = postSolution
		SolutionGuid = {52010AEF-24DD-4ABD-AF6E-63E4EE049EB9}
	EndGlobalSection
EndGlobal
